
Microsoft Visual Studio Solution File, Format Version 12.00
# Visual Studio Version 16
VisualStudioVersion = 16.0.30104.148
MinimumVisualStudioVersion = 10.0.40219.1
Project("{9A19103F-16F7-4668-BE54-9A1E7A4F7556}") = "Domain", "src\Domain\Domain.csproj", "{79EB3777-517C-46D8-ACAA-FE2DBEDC5E6D}"
EndProject
Project("{9A19103F-16F7-4668-BE54-9A1E7A4F7556}") = "Application", "src\Application\Application.csproj", "{ED9FD863-C32B-483A-8902-6E114D9ACBF8}"
EndProject
Project("{FAE04EC0-301F-11D3-BF4B-00C04F79EFBC}") = "Infrastructure", "src\Infrastructure\Infrastructure.csproj", "{BF4D32C8-7B66-4ACD-B102-451BEFE79832}"
EndProject
Global
	GlobalSection(SolutionConfigurationPlatforms) = preSolution
		Debug|Any CPU = Debug|Any CPU
		Release|Any CPU = Release|Any CPU
	EndGlobalSection
	GlobalSection(ProjectConfigurationPlatforms) = postSolution
		{79EB3777-517C-46D8-ACAA-FE2DBEDC5E6D}.Debug|Any CPU.ActiveCfg = Debug|Any CPU
		{79EB3777-517C-46D8-ACAA-FE2DBEDC5E6D}.Debug|Any CPU.Build.0 = Debug|Any CPU
		{79EB3777-517C-46D8-ACAA-FE2DBEDC5E6D}.Release|Any CPU.ActiveCfg = Release|Any CPU
		{79EB3777-517C-46D8-ACAA-FE2DBEDC5E6D}.Release|Any CPU.Build.0 = Release|Any CPU
		{ED9FD863-C32B-483A-8902-6E114D9ACBF8}.Debug|Any CPU.ActiveCfg = Debug|Any CPU
		{ED9FD863-C32B-483A-8902-6E114D9ACBF8}.Debug|Any CPU.Build.0 = Debug|Any CPU
		{ED9FD863-C32B-483A-8902-6E114D9ACBF8}.Release|Any CPU.ActiveCfg = Release|Any CPU
		{ED9FD863-C32B-483A-8902-6E114D9ACBF8}.Release|Any CPU.Build.0 = Release|Any CPU
		{BF4D32C8-7B66-4ACD-B102-451BEFE79832}.Debug|Any CPU.ActiveCfg = Debug|Any CPU
		{BF4D32C8-7B66-4ACD-B102-451BEFE79832}.Debug|Any CPU.Build.0 = Debug|Any CPU
		{BF4D32C8-7B66-4ACD-B102-451BEFE79832}.Release|Any CPU.ActiveCfg = Release|Any CPU
		{BF4D32C8-7B66-4ACD-B102-451BEFE79832}.Release|Any CPU.Build.0 = Release|Any CPU
	EndGlobalSection
	GlobalSection(SolutionProperties) = preSolution
		HideSolutionNode = FALSE
	EndGlobalSection
	GlobalSection(ExtensibilityGlobals) = postSolution
		SolutionGuid = {F436513C-BCA7-4102-9D8F-48D7D2763F9D}
	EndGlobalSection
EndGlobal
